PODS:
  - Capacitor (1.4.0):
    - CapacitorCordova (= 1.4.0)
  - CapacitorCordova (1.4.0)
  - CocoaLumberjack (3.5.3):
    - CocoaLumberjack/Core (= 3.5.3)
  - CocoaLumberjack/Core (3.5.3)
  - CordovaPlugins (1.4.0):
    - CapacitorCordova
  - CordovaPluginsStatic (1.4.0):
    - CapacitorCordova
    - CocoaLumberjack (~> 3.5.0)
  - Firebase/CoreOnly (6.5.0):
    - FirebaseCore (= 6.1.0)
  - Firebase/Messaging (6.5.0):
    - Firebase/CoreOnly
    - FirebaseMessaging (~> 4.1.1)
  - FirebaseAnalyticsInterop (1.2.0)
  - FirebaseCore (6.1.0):
    - GoogleUtilities/Environment (~> 6.0)
    - GoogleUtilities/Logger (~> 6.0)
  - FirebaseInstanceID (4.2.2):
    - FirebaseCore (~> 6.0)
    - GoogleUtilities/Environment (~> 6.0)
    - GoogleUtilities/UserDefaults (~> 6.0)
  - FirebaseMessaging (4.1.1):
    - FirebaseAnalyticsInterop (~> 1.1)
    - FirebaseCore (~> 6.0)
    - FirebaseInstanceID (~> 4.1)
    - GoogleUtilities/AppDelegateSwizzler (~> 6.2)
    - GoogleUtilities/Environment (~> 6.2)
    - GoogleUtilities/Reachability (~> 6.2)
    - GoogleUtilities/UserDefaults (~> 6.2)
    - Protobuf (~> 3.1)
  - GoogleUtilities/AppDelegateSwizzler (6.2.3):
    - GoogleUtilities/Environment
    - GoogleUtilities/Logger
    - GoogleUtilities/Network
  - GoogleUtilities/Environment (6.2.3)
  - GoogleUtilities/Logger (6.2.3):
    - GoogleUtilities/Environment
  - GoogleUtilities/Network (6.2.3):
    - GoogleUtilities/Logger
    - "GoogleUtilities/NSData+zlib"
    - GoogleUtilities/Reachability
  - "GoogleUtilities/NSData+zlib (6.2.3)"
  - GoogleUtilities/Reachability (6.2.3):
    - GoogleUtilities/Logger
  - GoogleUtilities/UserDefaults (6.2.3):
    - GoogleUtilities/Logger
  - Protobuf (3.9.0)

DEPENDENCIES:
  - "Capacitor (from `../../node_modules/@capacitor/ios`)"
  - "CapacitorCordova (from `../../node_modules/@capacitor/ios`)"
  - CordovaPlugins (from `../capacitor-cordova-ios-plugins`)
  - CordovaPluginsStatic (from `../capacitor-cordova-ios-plugins`)
  - Firebase/Messaging

SPEC REPOS:
  https://github.com/cocoapods/specs.git:
    - CocoaLumberjack
    - Firebase
    - FirebaseAnalyticsInterop
    - FirebaseCore
    - FirebaseInstanceID
    - FirebaseMessaging
    - GoogleUtilities
    - Protobuf

EXTERNAL SOURCES:
  Capacitor:
    :path: "../../node_modules/@capacitor/ios"
  CapacitorCordova:
    :path: "../../node_modules/@capacitor/ios"
  CordovaPlugins:
    :path: "../capacitor-cordova-ios-plugins"
  CordovaPluginsStatic:
    :path: "../capacitor-cordova-ios-plugins"

SPEC CHECKSUMS:
  Capacitor: e548fe61e71fa160367a36387f54483647ca20f6
  CapacitorCordova: 17c1ed13e5303aa5153fb405adb4196cc56b40d5
  CocoaLumberjack: 2f44e60eb91c176d471fdba43b9e3eae6a721947
  CordovaPlugins: 22760154a89903a2fe57a1ce18a6f266b6fd0c79
  CordovaPluginsStatic: 889597a2adea6743f46df302e59366e34466fd8c
  Firebase: dedc9e48ea3f3649ad5f6b982f8a0c73508a14b5
  FirebaseAnalyticsInterop: efbe45c8385ec626e29f9525e5ebd38520dfb6c1
  FirebaseCore: aecf02fb2274ec361b9bebeac112f5daa18273bd
  FirebaseInstanceID: 662b8108a09fe9ed01aafdedba100fde8536b0f6
  FirebaseMessaging: 6bb0bdaf64c55fef7a219b7bb1e94e94a0855ced
  GoogleUtilities: d2b0e277a95962e09bb27f5cd42f5f0b6a506c7d
  Protobuf: 1097ca58584c8d9be81bfbf2c5ff5975648dd87a

PODFILE CHECKSUM: 51e7354ac69647e24bc574a1679da22df9dcda8b

COCOAPODS: 1.7.5
